// !$*UTF8*$!
{
	archiveVersion = 1;
	classes = {
	};
	objectVersion = 46;
	objects = {

/* Begin PBXBuildFile section */
		9B33A5231971E6EC0048F807 /* AppDelegate.swift in Sources */ = {isa = PBXBuildFile; fileRef = 9B33A5221971E6EC0048F807 /* AppDelegate.swift */; };
		9B33A5251971E6EC0048F807 /* ViewController.swift in Sources */ = {isa = PBXBuildFile; fileRef = 9B33A5241971E6EC0048F807 /* ViewController.swift */; };
		9B33A5281971E6EC0048F807 /* Main.storyboard in Resources */ = {isa = PBXBuildFile; fileRef = 9B33A5261971E6EC0048F807 /* Main.storyboard */; };
		9B33A52A1971E6EC0048F807 /* Images.xcassets in Resources */ = {isa = PBXBuildFile; fileRef = 9B33A5291971E6EC0048F807 /* Images.xcassets */; };
		9B33A5401971E6FD0048F807 /* BarcodeScannerView.swift in Sources */ = {isa = PBXBuildFile; fileRef = 9B33A53F1971E6FD0048F807 /* BarcodeScannerView.swift */; };
		9BC7717B1BF65A6800A0A694 /* Launch Screen.storyboard in Resources */ = {isa = PBXBuildFile; fileRef = 9BC771791BF65A6800A0A694 /* Launch Screen.storyboard */; };
/* End PBXBuildFile section */

/* Begin PBXFileReference section */
		9B33A51D1971E6EC0048F807 /* BarcodeScannerViewDemo.app */ = {isa = PBXFileReference; explicitFileType = wrapper.application; includeInIndex = 0; path = BarcodeScannerViewDemo.app; sourceTree = BUILT_PRODUCTS_DIR; };
		9B33A5211971E6EC0048F807 /* Info.plist */ = {isa = PBXFileReference; lastKnownFileType = text.plist.xml; path = Info.plist; sourceTree = "<group>"; };
		9B33A5221971E6EC0048F807 /* AppDelegate.swift */ = {isa = PBXFileReference; lastKnownFileType = sourcecode.swift; path = AppDelegate.swift; sourceTree = "<group>"; };
		9B33A5241971E6EC0048F807 /* ViewController.swift */ = {isa = PBXFileReference; lastKnownFileType = sourcecode.swift; path = ViewController.swift; sourceTree = "<group>"; };
		9B33A5271971E6EC0048F807 /* Base */ = {isa = PBXFileReference; lastKnownFileType = file.storyboard; name = Base; path = Base.lproj/Main.storyboard; sourceTree = "<group>"; };
		9B33A5291971E6EC0048F807 /* Images.xcassets */ = {isa = PBXFileReference; lastKnownFileType = folder.assetcatalog; path = Images.xcassets; sourceTree = "<group>"; };
		9B33A53F1971E6FD0048F807 /* BarcodeScannerView.swift */ = {isa = PBXFileReference; fileEncoding = 4; lastKnownFileType = sourcecode.swift; path = BarcodeScannerView.swift; sourceTree = "<group>"; };
		9BC7717A1BF65A6800A0A694 /* Base */ = {isa = PBXFileReference; lastKnownFileType = file.storyboard; name = Base; path = "BarcodeScannerViewDemo/Base.lproj/Launch Screen.storyboard"; sourceTree = "<group>"; };
/* End PBXFileReference section */

/* Begin PBXFrameworksBuildPhase section */
		9B33A51A1971E6EC0048F807 /* Frameworks */ = {
			isa = PBXFrameworksBuildPhase;
			buildActionMask = 2147483647;
			files = (
			);
			runOnlyForDeploymentPostprocessing = 0;
		};
/* End PBXFrameworksBuildPhase section */

/* Begin PBXGroup section */
		9B33A5141971E6EC0048F807 = {
			isa = PBXGroup;
			children = (
				9B33A51F1971E6EC0048F807 /* BarcodeScannerViewDemo */,
				9B33A51E1971E6EC0048F807 /* Products */,
			);
			sourceTree = "<group>";
		};
		9B33A51E1971E6EC0048F807 /* Products */ = {
			isa = PBXGroup;
			children = (
				9B33A51D1971E6EC0048F807 /* BarcodeScannerViewDemo.app */,
			);
			name = Products;
			sourceTree = "<group>";
		};
		9B33A51F1971E6EC0048F807 /* BarcodeScannerViewDemo */ = {
			isa = PBXGroup;
			children = (
				9B33A5221971E6EC0048F807 /* AppDelegate.swift */,
				9B33A5241971E6EC0048F807 /* ViewController.swift */,
				9B33A53F1971E6FD0048F807 /* BarcodeScannerView.swift */,
				9B33A5261971E6EC0048F807 /* Main.storyboard */,
				9BC771791BF65A6800A0A694 /* Launch Screen.storyboard */,
				9B33A5291971E6EC0048F807 /* Images.xcassets */,
				9B33A5201971E6EC0048F807 /* Supporting Files */,
			);
			path = BarcodeScannerViewDemo;
			sourceTree = "<group>";
		};
		9B33A5201971E6EC0048F807 /* Supporting Files */ = {
			isa = PBXGroup;
			children = (
				9B33A5211971E6EC0048F807 /* Info.plist */,
			);
			name = "Supporting Files";
			sourceTree = "<group>";
		};
/* End PBXGroup section */

/* Begin PBXNativeTarget section */
		9B33A51C1971E6EC0048F807 /* BarcodeScannerViewDemo */ = {
			isa = PBXNativeTarget;
			buildConfigurationList = 9B33A5391971E6ED0048F807 /* Build configuration list for PBXNativeTarget "BarcodeScannerViewDemo" */;
			buildPhases = (
				9B33A5191971E6EC0048F807 /* Sources */,
				9B33A51A1971E6EC0048F807 /* Frameworks */,
				9B33A51B1971E6EC0048F807 /* Resources */,
			);
			buildRules = (
			);
			dependencies = (
			);
			name = BarcodeScannerViewDemo;
			productName = BarcodeScannerViewDemo;
			productReference = 9B33A51D1971E6EC0048F807 /* BarcodeScannerViewDemo.app */;
			productType = "com.apple.product-type.application";
		};
/* End PBXNativeTarget section */

/* Begin PBXProject section */
		9B33A5151971E6EC0048F807 /* Project object */ = {
			isa = PBXProject;
			attributes = {
				LastSwiftMigration = 0710;
				LastSwiftUpdateCheck = 0710;
				LastUpgradeCheck = 0710;
				ORGANIZATIONNAME = "Richard Allen";
				TargetAttributes = {
					9B33A51C1971E6EC0048F807 = {
						CreatedOnToolsVersion = 6.0;
					};
				};
			};
			buildConfigurationList = 9B33A5181971E6EC0048F807 /* Build configuration list for PBXProject "BarcodeScannerViewDemo" */;
			compatibilityVersion = "Xcode 3.2";
			developmentRegion = English;
			hasScannedForEncodings = 0;
			knownRegions = (
				en,
				Base,
			);
			mainGroup = 9B33A5141971E6EC0048F807;
			productRefGroup = 9B33A51E1971E6EC0048F807 /* Products */;
			projectDirPath = "";
			projectRoot = "";
			targets = (
				9B33A51C1971E6EC0048F807 /* BarcodeScannerViewDemo */,
			);
		};
/* End PBXProject section */

/* Begin PBXResourcesBuildPhase section */
		9B33A51B1971E6EC0048F807 /* Resources */ = {
			isa = PBXResourcesBuildPhase;
			buildActionMask = 2147483647;
			files = (
				9BC7717B1BF65A6800A0A694 /* Launch Screen.storyboard in Resources */,
				9B33A5281971E6EC0048F807 /* Main.storyboard in Resources */,
				9B33A52A1971E6EC0048F807 /* Images.xcassets in Resources */,
			);
			runOnlyForDeploymentPostprocessing = 0;
		};
/* End PBXResourcesBuildPhase section */

/* Begin PBXSourcesBuildPhase section */
		9B33A5191971E6EC0048F807 /* Sources */ = {
			isa = PBXSourcesBuildPhase;
			buildActionMask = 2147483647;
			files = (
				9B33A5401971E6FD0048F807 /* BarcodeScannerView.swift in Sources */,
				9B33A5251971E6EC0048F807 /* ViewController.swift in Sources */,
				9B33A5231971E6EC0048F807 /* AppDelegate.swift in Sources */,
			);
			runOnlyForDeploymentPostprocessing = 0;
		};
/* End PBXSourcesBuildPhase section */

/* Begin PBXVariantGroup section */
		9B33A5261971E6EC0048F807 /* Main.storyboard */ = {
			isa = PBXVariantGroup;
			children = (
				9B33A5271971E6EC0048F807 /* Base */,
			);
			name = Main.storyboard;
			sourceTree = "<group>";
		};
		9BC771791BF65A6800A0A694 /* Launch Screen.storyboard */ = {
			isa = PBXVariantGroup;
			children = (
				9BC7717A1BF65A6800A0A694 /* Base */,
			);
			name = "Launch Screen.storyboard";
			path = ..;
			sourceTree = "<group>";
		};
/* End PBXVariantGroup section */

/* Begin XCBuildConfiguration section */
		9B33A5371971E6ED0048F807 /* Debug */ = {
			isa = XCBuildConfiguration;
			buildSettings = {
				ALWAYS_SEARCH_USER_PATHS = NO;
				CLANG_CXX_LANGUAGE_STANDARD = "gnu++0x";
				CLANG_CXX_LIBRARY = "libc++";
				CLANG_ENABLE_MODULES = YES;
				CLANG_ENABLE_OBJC_ARC = YES;
				CLANG_WARN_BOOL_CONVERSION = YES;
				CLANG_WARN_CONSTANT_CONVERSION = YES;
				CLANG_WARN_DIRECT_OBJC_ISA_USAGE = YES_ERROR;
				CLANG_WARN_EMPTY_BODY = YES;
				CLANG_WARN_ENUM_CONVERSION = YES;
				CLANG_WARN_INT_CONVERSION = YES;
				CLANG_WARN_OBJC_ROOT_CLASS = YES_ERROR;
				CLANG_WARN_UNREACHABLE_CODE = YES;
				CLANG_WARN__DUPLICATE_METHOD_MATCH = YES;
				"CODE_SIGN_IDENTITY[sdk=iphoneos*]" = "iPhone Developer";
				COPY_PHASE_STRIP = NO;
				ENABLE_STRICT_OBJC_MSGSEND = YES;
				ENABLE_TESTABILITY = YES;
				GCC_C_LANGUAGE_STANDARD = gnu99;
				GCC_DYNAMIC_NO_PIC = NO;
				GCC_OPTIMIZATION_LEVEL = 0;
				GCC_PREPROCESSOR_DEFINITIONS = (
					"DEBUG=1",
					"$(inherited)",
				);
				GCC_SYMBOLS_PRIVATE_EXTERN = NO;
				GCC_WARN_64_TO_32_BIT_CONVERSION = YES;
				GCC_WARN_ABOUT_RETURN_TYPE = YES_ERROR;
				GCC_WARN_UNDECLARED_SELECTOR = YES;
				GCC_WARN_UNINITIALIZED_AUTOS = YES_AGGRESSIVE;
				GCC_WARN_UNUSED_FUNCTION = YES;
				GCC_WARN_UNUSED_VARIABLE = YES;
				IPHONEOS_DEPLOYMENT_TARGET = 8.0;
				MTL_ENABLE_DEBUG_INFO = YES;
				ONLY_ACTIVE_ARCH = YES;
				SDKROOT = iphoneos;
				SWIFT_OPTIMIZATION_LEVEL = "-Onone";
				TARGETED_DEVICE_FAMILY = "1,2";
			};
			name = Debug;
		};
		9B33A5381971E6ED0048F807 /* Release */ = {
			isa = XCBuildConfiguration;
			buildSettings = {
				ALWAYS_SEARCH_USER_PATHS = NO;
				CLANG_CXX_LANGUAGE_STANDARD = "gnu++0x";
				CLANG_CXX_LIBRARY = "libc++";
				CLANG_ENABLE_MODULES = YES;
				CLANG_ENABLE_OBJC_ARC = YES;
				CLANG_WARN_BOOL_CONVERSION = YES;
				CLANG_WARN_CONSTANT_CONVERSION = YES;
				CLANG_WARN_DIRECT_OBJC_ISA_USAGE = YES_ERROR;
				CLANG_WARN_EMPTY_BODY = YES;
				CLANG_WARN_ENUM_CONVERSION = YES;
				CLANG_WARN_INT_CONVERSION = YES;
				CLANG_WARN_OBJC_ROOT_CLASS = YES_ERROR;
				CLANG_WARN_UNREACHABLE_CODE = YES;
				CLANG_WARN__DUPLICATE_METHOD_MATCH = YES;
				"CODE_SIGN_IDENTITY[sdk=iphoneos*]" = "iPhone Developer";
				COPY_PHASE_STRIP = YES;
				ENABLE_NS_ASSERTIONS = NO;
				ENABLE_STRICT_OBJC_MSGSEND = YES;
				GCC_C_LANGUAGE_STANDARD = gnu99;
				GCC_WARN_64_TO_32_BIT_CONVERSION = YES;
				GCC_WARN_ABOUT_RETURN_TYPE = YES_ERROR;
				GCC_WARN_UNDECLARED_SELECTOR = YES;
				GCC_WARN_UNINITIALIZED_AUTOS = YES_AGGRESSIVE;
				GCC_WARN_UNUSED_FUNCTION = YES;
				GCC_WARN_UNUSED_VARIABLE = YES;
				IPHONEOS_DEPLOYMENT_TARGET = 8.0;
				MTL_ENABLE_DEBUG_INFO = NO;
				SDKROOT = iphoneos;
				TARGETED_DEVICE_FAMILY = "1,2";
				VALIDATE_PRODUCT = YES;
			};
			name = Release;
		};
		9B33A53A1971E6ED0048F807 /* Debug */ = {
			isa = XCBuildConfiguration;
			buildSettings = {
				ASSETCATALOG_COMPILER_APPICON_NAME = AppIcon;
				ASSETCATALOG_COMPILER_LAUNCHIMAGE_NAME = LaunchImage;
				INFOPLIST_FILE = BarcodeScannerViewDemo/Info.plist;
				IPHONEOS_DEPLOYMENT_TARGET = 8.0;
				LD_RUNPATH_SEARCH_PATHS = "$(inherited) @executable_path/Frameworks";
				PRODUCT_BUNDLE_IDENTIFIER = "me.lapdog.${PRODUCT_NAME:rfc1034identifier}";
				PRODUCT_NAME = "$(TARGET_NAME)";
			};
			name = Debug;
		};
		9B33A53B1971E6ED0048F807 /* Release */ = {
			isa = XCBuildConfiguration;
			buildSettings = {
				ASSETCATALOG_COMPILER_APPICON_NAME = AppIcon;
				ASSETCATALOG_COMPILER_LAUNCHIMAGE_NAME = LaunchImage;
				INFOPLIST_FILE = BarcodeScannerViewDemo/Info.plist;
				IPHONEOS_DEPLOYMENT_TARGET = 8.0;
				LD_RUNPATH_SEARCH_PATHS = "$(inherited) @executable_path/Frameworks";
				PRODUCT_BUNDLE_IDENTIFIER = "me.lapdog.${PRODUCT_NAME:rfc1034identifier}";
				PRODUCT_NAME = "$(TARGET_NAME)";
			};
			name = Release;
		};
/* End XCBuildConfiguration section */

/* Begin XCConfigurationList section */
		9B33A5181971E6EC0048F807 /* Build configuration list for PBXProject "BarcodeScannerViewDemo" */ = {
			isa = XCConfigurationList;
			buildConfigurations = (
				9B33A5371971E6ED0048F807 /* Debug */,
				9B33A5381971E6ED0048F807 /* Release */,
			);
			defaultConfigurationIsVisible = 0;
			defaultConfigurationName = Release;
		};
		9B33A5391971E6ED0048F807 /* Build configuration list for PBXNativeTarget "BarcodeScannerViewDemo" */ = {
			isa = XCConfigurationList;
			buildConfigurations = (
				9B33A53A1971E6ED0048F807 /* Debug */,
				9B33A53B1971E6ED0048F807 /* Release */,
			);
			defaultConfigurationIsVisible = 0;
			defaultConfigurationName = Release;
		};
/* End XCConfigurationList section */
	};
	rootObject = 9B33A5151971E6EC0048F807 /* Project object */;
}
